
Microsoft Visual Studio Solution File, Format Version 12.00
# Visual Studio Version 17
VisualStudioVersion = 17.14.36202.13
MinimumVisualStudioVersion = 10.0.40219.1
Project("{FAE04EC0-301F-11D3-BF4B-00C04F79EFBC}") = "BlackJackCamera", "BlackJackCamera\BlackJackCamera.csproj", "{C31655D8-8894-4B4C-B03F-EC1C77E39EC9}"
EndProject
Global
	GlobalSection(SolutionConfigurationPlatforms) = preSolution
		Debug|Any CPU = Debug|Any CPU
		Release|Any CPU = Release|Any CPU
	EndGlobalSection
	GlobalSection(ProjectConfigurationPlatforms) = postSolution
		{C31655D8-8894-4B4C-B03F-EC1C77E39EC9}.Debug|Any CPU.ActiveCfg = Debug|Any CPU
		{C31655D8-8894-4B4C-B03F-EC1C77E39EC9}.Debug|Any CPU.Build.0 = Debug|Any CPU
		{C31655D8-8894-4B4C-B03F-EC1C77E39EC9}.Debug|Any CPU.Deploy.0 = Debug|Any CPU
		{C31655D8-8894-4B4C-B03F-EC1C77E39EC9}.Release|Any CPU.ActiveCfg = Release|Any CPU
		{C31655D8-8894-4B4C-B03F-EC1C77E39EC9}.Release|Any CPU.Build.0 = Release|Any CPU
	EndGlobalSection
	GlobalSection(SolutionProperties) = preSolution
		HideSolutionNode = FALSE
	EndGlobalSection
	GlobalSection(ExtensibilityGlobals) = postSolution
		SolutionGuid = {55BBA934-3CDA-4BB2-8462-A89ADD6A0DBE}
	EndGlobalSection
EndGlobal
